// !$*UTF8*$!
{
	archiveVersion = 1;
	classes = {
	};
	objectVersion = 56;
	objects = {

/* Begin PBXBuildFile section */
		D4A43A8D2AD9D74A003D3799 /* HabitsTrackerApp.swift in Sources */ = {isa = PBXBuildFile; fileRef = D4A43A8C2AD9D74A003D3799 /* HabitsTrackerApp.swift */; };
		D4A43A8F2AD9D74A003D3799 /* ContentView.swift in Sources */ = {isa = PBXBuildFile; fileRef = D4A43A8E2AD9D74A003D3799 /* ContentView.swift */; };
		D4A43A912AD9D74D003D3799 /* Assets.xcassets in Resources */ = {isa = PBXBuildFile; fileRef = D4A43A902AD9D74D003D3799 /* Assets.xcassets */; };
		D4A43A952AD9D74D003D3799 /* Preview Assets.xcassets in Resources */ = {isa = PBXBuildFile; fileRef = D4A43A942AD9D74D003D3799 /* Preview Assets.xcassets */; };
		D4A43A9D2AD9D878003D3799 /* main.xcdatamodeld in Sources */ = {isa = PBXBuildFile; fileRef = D4A43A9B2AD9D878003D3799 /* main.xcdatamodeld */; };
		D4A43A9F2AD9DC30003D3799 /* DataController.swift in Sources */ = {isa = PBXBuildFile; fileRef = D4A43A9E2AD9DC30003D3799 /* DataController.swift */; };
		D4A43AA22AD9F7E5003D3799 /* SideBarView.swift in Sources */ = {isa = PBXBuildFile; fileRef = D4A43AA12AD9F7E5003D3799 /* SideBarView.swift */; };
		D4A43AA42AD9F7EC003D3799 /* DetailView.swift in Sources */ = {isa = PBXBuildFile; fileRef = D4A43AA32AD9F7EC003D3799 /* DetailView.swift */; };
		D4A43AA62AD9F9D2003D3799 /* Filter.swift in Sources */ = {isa = PBXBuildFile; fileRef = D4A43AA52AD9F9D2003D3799 /* Filter.swift */; };
		D4A43AA82ADA7805003D3799 /* Issue-CoreDataHelpers.swift in Sources */ = {isa = PBXBuildFile; fileRef = D4A43AA72ADA7805003D3799 /* Issue-CoreDataHelpers.swift */; };
		D4A43AAA2ADA79B5003D3799 /* Tag-CoreDataHelpers.swift in Sources */ = {isa = PBXBuildFile; fileRef = D4A43AA92ADA79B5003D3799 /* Tag-CoreDataHelpers.swift */; };
		D4A43AAC2ADAFB9F003D3799 /* IssueRow.swift in Sources */ = {isa = PBXBuildFile; fileRef = D4A43AAB2ADAFB9F003D3799 /* IssueRow.swift */; };
		D4D2EA7C2ADBD611000FBFB3 /* IssueView.swift in Sources */ = {isa = PBXBuildFile; fileRef = D4D2EA7B2ADBD611000FBFB3 /* IssueView.swift */; };
		D4D2EA7E2ADBD61A000FBFB3 /* NoIssueView.swift in Sources */ = {isa = PBXBuildFile; fileRef = D4D2EA7D2ADBD61A000FBFB3 /* NoIssueView.swift */; };
/* End PBXBuildFile section */

/* Begin PBXFileReference section */
		D4A43A892AD9D74A003D3799 /* HabitsTracker.app */ = {isa = PBXFileReference; explicitFileType = wrapper.application; includeInIndex = 0; path = HabitsTracker.app; sourceTree = BUILT_PRODUCTS_DIR; };
		D4A43A8C2AD9D74A003D3799 /* HabitsTrackerApp.swift */ = {isa = PBXFileReference; lastKnownFileType = sourcecode.swift; path = HabitsTrackerApp.swift; sourceTree = "<group>"; };
		D4A43A8E2AD9D74A003D3799 /* ContentView.swift */ = {isa = PBXFileReference; lastKnownFileType = sourcecode.swift; path = ContentView.swift; sourceTree = "<group>"; };
		D4A43A902AD9D74D003D3799 /* Assets.xcassets */ = {isa = PBXFileReference; lastKnownFileType = folder.assetcatalog; path = Assets.xcassets; sourceTree = "<group>"; };
		D4A43A922AD9D74D003D3799 /* HabitsTracker.entitlements */ = {isa = PBXFileReference; lastKnownFileType = text.plist.entitlements; path = HabitsTracker.entitlements; sourceTree = "<group>"; };
		D4A43A942AD9D74D003D3799 /* Preview Assets.xcassets */ = {isa = PBXFileReference; lastKnownFileType = folder.assetcatalog; path = "Preview Assets.xcassets"; sourceTree = "<group>"; };
		D4A43A9C2AD9D878003D3799 /* main.xcdatamodel */ = {isa = PBXFileReference; lastKnownFileType = wrapper.xcdatamodel; path = main.xcdatamodel; sourceTree = "<group>"; };
		D4A43A9E2AD9DC30003D3799 /* DataController.swift */ = {isa = PBXFileReference; lastKnownFileType = sourcecode.swift; path = DataController.swift; sourceTree = "<group>"; };
		D4A43AA02AD9E657003D3799 /* Info.plist */ = {isa = PBXFileReference; lastKnownFileType = text.plist; path = Info.plist; sourceTree = "<group>"; };
		D4A43AA12AD9F7E5003D3799 /* SideBarView.swift */ = {isa = PBXFileReference; lastKnownFileType = sourcecode.swift; path = SideBarView.swift; sourceTree = "<group>"; };
		D4A43AA32AD9F7EC003D3799 /* DetailView.swift */ = {isa = PBXFileReference; lastKnownFileType = sourcecode.swift; path = DetailView.swift; sourceTree = "<group>"; };
		D4A43AA52AD9F9D2003D3799 /* Filter.swift */ = {isa = PBXFileReference; lastKnownFileType = sourcecode.swift; path = Filter.swift; sourceTree = "<group>"; };
		D4A43AA72ADA7805003D3799 /* Issue-CoreDataHelpers.swift */ = {isa = PBXFileReference; lastKnownFileType = sourcecode.swift; path = "Issue-CoreDataHelpers.swift"; sourceTree = "<group>"; };
		D4A43AA92ADA79B5003D3799 /* Tag-CoreDataHelpers.swift */ = {isa = PBXFileReference; lastKnownFileType = sourcecode.swift; path = "Tag-CoreDataHelpers.swift"; sourceTree = "<group>"; };
		D4A43AAB2ADAFB9F003D3799 /* IssueRow.swift */ = {isa = PBXFileReference; lastKnownFileType = sourcecode.swift; path = IssueRow.swift; sourceTree = "<group>"; };
		D4D2EA7B2ADBD611000FBFB3 /* IssueView.swift */ = {isa = PBXFileReference; lastKnownFileType = sourcecode.swift; path = IssueView.swift; sourceTree = "<group>"; };
		D4D2EA7D2ADBD61A000FBFB3 /* NoIssueView.swift */ = {isa = PBXFileReference; lastKnownFileType = sourcecode.swift; path = NoIssueView.swift; sourceTree = "<group>"; };
/* End PBXFileReference section */

/* Begin PBXFrameworksBuildPhase section */
		D4A43A862AD9D74A003D3799 /* Frameworks */ = {
			isa = PBXFrameworksBuildPhase;
			buildActionMask = 2147483647;
			files = (
			);
			runOnlyForDeploymentPostprocessing = 0;
		};
/* End PBXFrameworksBuildPhase section */

/* Begin PBXGroup section */
		D4A43A802AD9D74A003D3799 = {
			isa = PBXGroup;
			children = (
				D4A43A8B2AD9D74A003D3799 /* HabitsTracker */,
				D4A43A8A2AD9D74A003D3799 /* Products */,
			);
			sourceTree = "<group>";
		};
		D4A43A8A2AD9D74A003D3799 /* Products */ = {
			isa = PBXGroup;
			children = (
				D4A43A892AD9D74A003D3799 /* HabitsTracker.app */,
			);
			name = Products;
			sourceTree = "<group>";
		};
		D4A43A8B2AD9D74A003D3799 /* HabitsTracker */ = {
			isa = PBXGroup;
			children = (
				D4A43AA02AD9E657003D3799 /* Info.plist */,
				D4A43A9E2AD9DC30003D3799 /* DataController.swift */,
				D4D2EA7B2ADBD611000FBFB3 /* IssueView.swift */,
				D4D2EA7D2ADBD61A000FBFB3 /* NoIssueView.swift */,
				D4A43A8C2AD9D74A003D3799 /* HabitsTrackerApp.swift */,
				D4A43A8E2AD9D74A003D3799 /* ContentView.swift */,
				D4A43AAB2ADAFB9F003D3799 /* IssueRow.swift */,
				D4A43AA12AD9F7E5003D3799 /* SideBarView.swift */,
				D4A43AA52AD9F9D2003D3799 /* Filter.swift */,
				D4A43AA32AD9F7EC003D3799 /* DetailView.swift */,
				D4A43A9B2AD9D878003D3799 /* main.xcdatamodeld */,
				D4A43AA72ADA7805003D3799 /* Issue-CoreDataHelpers.swift */,
				D4A43AA92ADA79B5003D3799 /* Tag-CoreDataHelpers.swift */,
				D4A43A902AD9D74D003D3799 /* Assets.xcassets */,
				D4A43A922AD9D74D003D3799 /* HabitsTracker.entitlements */,
				D4A43A932AD9D74D003D3799 /* Preview Content */,
			);
			path = HabitsTracker;
			sourceTree = "<group>";
		};
		D4A43A932AD9D74D003D3799 /* Preview Content */ = {
			isa = PBXGroup;
			children = (
				D4A43A942AD9D74D003D3799 /* Preview Assets.xcassets */,
			);
			path = "Preview Content";
			sourceTree = "<group>";
		};
/* End PBXGroup section */

/* Begin PBXNativeTarget section */
		D4A43A882AD9D74A003D3799 /* HabitsTracker */ = {
			isa = PBXNativeTarget;
			buildConfigurationList = D4A43A982AD9D74D003D3799 /* Build configuration list for PBXNativeTarget "HabitsTracker" */;
			buildPhases = (
				D4A43A852AD9D74A003D3799 /* Sources */,
				D4A43A862AD9D74A003D3799 /* Frameworks */,
				D4A43A872AD9D74A003D3799 /* Resources */,
			);
			buildRules = (
			);
			dependencies = (
			);
			name = HabitsTracker;
			productName = HabitsTracker;
			productReference = D4A43A892AD9D74A003D3799 /* HabitsTracker.app */;
			productType = "com.apple.product-type.application";
		};
/* End PBXNativeTarget section */

/* Begin PBXProject section */
		D4A43A812AD9D74A003D3799 /* Project object */ = {
			isa = PBXProject;
			attributes = {
				BuildIndependentTargetsInParallel = 1;
				LastSwiftUpdateCheck = 1500;
				LastUpgradeCheck = 1500;
				TargetAttributes = {
					D4A43A882AD9D74A003D3799 = {
						CreatedOnToolsVersion = 15.0;
					};
				};
			};
			buildConfigurationList = D4A43A842AD9D74A003D3799 /* Build configuration list for PBXProject "HabitsTracker" */;
			compatibilityVersion = "Xcode 14.0";
			developmentRegion = en;
			hasScannedForEncodings = 0;
			knownRegions = (
				en,
				Base,
			);
			mainGroup = D4A43A802AD9D74A003D3799;
			productRefGroup = D4A43A8A2AD9D74A003D3799 /* Products */;
			projectDirPath = "";
			projectRoot = "";
			targets = (
				D4A43A882AD9D74A003D3799 /* HabitsTracker */,
			);
		};
/* End PBXProject section */

/* Begin PBXResourcesBuildPhase section */
		D4A43A872AD9D74A003D3799 /* Resources */ = {
			isa = PBXResourcesBuildPhase;
			buildActionMask = 2147483647;
			files = (
				D4A43A952AD9D74D003D3799 /* Preview Assets.xcassets in Resources */,
				D4A43A912AD9D74D003D3799 /* Assets.xcassets in Resources */,
			);
			runOnlyForDeploymentPostprocessing = 0;
		};
/* End PBXResourcesBuildPhase section */

/* Begin PBXSourcesBuildPhase section */
		D4A43A852AD9D74A003D3799 /* Sources */ = {
			isa = PBXSourcesBuildPhase;
			buildActionMask = 2147483647;
			files = (
				D4A43AA62AD9F9D2003D3799 /* Filter.swift in Sources */,
				D4A43AAA2ADA79B5003D3799 /* Tag-CoreDataHelpers.swift in Sources */,
				D4A43A8F2AD9D74A003D3799 /* ContentView.swift in Sources */,
				D4A43AA82ADA7805003D3799 /* Issue-CoreDataHelpers.swift in Sources */,
				D4A43AA42AD9F7EC003D3799 /* DetailView.swift in Sources */,
				D4A43A9F2AD9DC30003D3799 /* DataController.swift in Sources */,
				D4A43A9D2AD9D878003D3799 /* main.xcdatamodeld in Sources */,
				D4A43AA22AD9F7E5003D3799 /* SideBarView.swift in Sources */,
				D4D2EA7C2ADBD611000FBFB3 /* IssueView.swift in Sources */,
				D4D2EA7E2ADBD61A000FBFB3 /* NoIssueView.swift in Sources */,
				D4A43AAC2ADAFB9F003D3799 /* IssueRow.swift in Sources */,
				D4A43A8D2AD9D74A003D3799 /* HabitsTrackerApp.swift in Sources */,
			);
			runOnlyForDeploymentPostprocessing = 0;
		};
/* End PBXSourcesBuildPhase section */

/* Begin XCBuildConfiguration section */
		D4A43A962AD9D74D003D3799 /* Debug */ = {
			isa = XCBuildConfiguration;
			buildSettings = {
				ALWAYS_SEARCH_USER_PATHS = NO;
				ASSETCATALOG_COMPILER_GENERATE_SWIFT_ASSET_SYMBOL_EXTENSIONS = YES;
				CLANG_ANALYZER_NONNULL = YES;
				CLANG_ANALYZER_NUMBER_OBJECT_CONVERSION = YES_AGGRESSIVE;
				CLANG_CXX_LANGUAGE_STANDARD = "gnu++20";
				CLANG_ENABLE_MODULES = YES;
				CLANG_ENABLE_OBJC_ARC = YES;
				CLANG_ENABLE_OBJC_WEAK = YES;
				CLANG_WARN_BLOCK_CAPTURE_AUTORELEASING = YES;
				CLANG_WARN_BOOL_CONVERSION = YES;
				CLANG_WARN_COMMA = YES;
				CLANG_WARN_CONSTANT_CONVERSION = YES;
				CLANG_WARN_DEPRECATED_OBJC_IMPLEMENTATIONS = YES;
				CLANG_WARN_DIRECT_OBJC_ISA_USAGE = YES_ERROR;
				CLANG_WARN_DOCUMENTATION_COMMENTS = YES;
				CLANG_WARN_EMPTY_BODY = YES;
				CLANG_WARN_ENUM_CONVERSION = YES;
				CLANG_WARN_INFINITE_RECURSION = YES;
				CLANG_WARN_INT_CONVERSION = YES;
				CLANG_WARN_NON_LITERAL_NULL_CONVERSION = YES;
				CLANG_WARN_OBJC_IMPLICIT_RETAIN_SELF = YES;
				CLANG_WARN_OBJC_LITERAL_CONVERSION = YES;
				CLANG_WARN_OBJC_ROOT_CLASS = YES_ERROR;
				CLANG_WARN_QUOTED_INCLUDE_IN_FRAMEWORK_HEADER = YES;
				CLANG_WARN_RANGE_LOOP_ANALYSIS = YES;
				CLANG_WARN_STRICT_PROTOTYPES = YES;
				CLANG_WARN_SUSPICIOUS_MOVE = YES;
				CLANG_WARN_UNGUARDED_AVAILABILITY = YES_AGGRESSIVE;
				CLANG_WARN_UNREACHABLE_CODE = YES;
				CLANG_WARN__DUPLICATE_METHOD_MATCH = YES;
				COPY_PHASE_STRIP = NO;
				DEBUG_INFORMATION_FORMAT = dwarf;
				ENABLE_STRICT_OBJC_MSGSEND = YES;
				ENABLE_TESTABILITY = YES;
				ENABLE_USER_SCRIPT_SANDBOXING = YES;
				GCC_C_LANGUAGE_STANDARD = gnu17;
				GCC_DYNAMIC_NO_PIC = NO;
				GCC_NO_COMMON_BLOCKS = YES;
				GCC_OPTIMIZATION_LEVEL = 0;
				GCC_PREPROCESSOR_DEFINITIONS = (
					"DEBUG=1",
					"$(inherited)",
				);
				GCC_WARN_64_TO_32_BIT_CONVERSION = YES;
				GCC_WARN_ABOUT_RETURN_TYPE = YES_ERROR;
				GCC_WARN_UNDECLARED_SELECTOR = YES;
				GCC_WARN_UNINITIALIZED_AUTOS = YES_AGGRESSIVE;
				GCC_WARN_UNUSED_FUNCTION = YES;
				GCC_WARN_UNUSED_VARIABLE = YES;
				LOCALIZATION_PREFERS_STRING_CATALOGS = YES;
				MTL_ENABLE_DEBUG_INFO = INCLUDE_SOURCE;
				MTL_FAST_MATH = YES;
				ONLY_ACTIVE_ARCH = YES;
				SWIFT_ACTIVE_COMPILATION_CONDITIONS = "DEBUG $(inherited)";
				SWIFT_OPTIMIZATION_LEVEL = "-Onone";
			};
			name = Debug;
		};
		D4A43A972AD9D74D003D3799 /* Release */ = {
			isa = XCBuildConfiguration;
			buildSettings = {
				ALWAYS_SEARCH_USER_PATHS = NO;
				ASSETCATALOG_COMPILER_GENERATE_SWIFT_ASSET_SYMBOL_EXTENSIONS = YES;
				CLANG_ANALYZER_NONNULL = YES;
				CLANG_ANALYZER_NUMBER_OBJECT_CONVERSION = YES_AGGRESSIVE;
				CLANG_CXX_LANGUAGE_STANDARD = "gnu++20";
				CLANG_ENABLE_MODULES = YES;
				CLANG_ENABLE_OBJC_ARC = YES;
				CLANG_ENABLE_OBJC_WEAK = YES;
				CLANG_WARN_BLOCK_CAPTURE_AUTORELEASING = YES;
				CLANG_WARN_BOOL_CONVERSION = YES;
				CLANG_WARN_COMMA = YES;
				CLANG_WARN_CONSTANT_CONVERSION = YES;
				CLANG_WARN_DEPRECATED_OBJC_IMPLEMENTATIONS = YES;
				CLANG_WARN_DIRECT_OBJC_ISA_USAGE = YES_ERROR;
				CLANG_WARN_DOCUMENTATION_COMMENTS = YES;
				CLANG_WARN_EMPTY_BODY = YES;
				CLANG_WARN_ENUM_CONVERSION = YES;
				CLANG_WARN_INFINITE_RECURSION = YES;
				CLANG_WARN_INT_CONVERSION = YES;
				CLANG_WARN_NON_LITERAL_NULL_CONVERSION = YES;
				CLANG_WARN_OBJC_IMPLICIT_RETAIN_SELF = YES;
				CLANG_WARN_OBJC_LITERAL_CONVERSION = YES;
				CLANG_WARN_OBJC_ROOT_CLASS = YES_ERROR;
				CLANG_WARN_QUOTED_INCLUDE_IN_FRAMEWORK_HEADER = YES;
				CLANG_WARN_RANGE_LOOP_ANALYSIS = YES;
				CLANG_WARN_STRICT_PROTOTYPES = YES;
				CLANG_WARN_SUSPICIOUS_MOVE = YES;
				CLANG_WARN_UNGUARDED_AVAILABILITY = YES_AGGRESSIVE;
				CLANG_WARN_UNREACHABLE_CODE = YES;
				CLANG_WARN__DUPLICATE_METHOD_MATCH = YES;
				COPY_PHASE_STRIP = NO;
				DEBUG_INFORMATION_FORMAT = "dwarf-with-dsym";
				ENABLE_NS_ASSERTIONS = NO;
				ENABLE_STRICT_OBJC_MSGSEND = YES;
				ENABLE_USER_SCRIPT_SANDBOXING = YES;
				GCC_C_LANGUAGE_STANDARD = gnu17;
				GCC_NO_COMMON_BLOCKS = YES;
				GCC_WARN_64_TO_32_BIT_CONVERSION = YES;
				GCC_WARN_ABOUT_RETURN_TYPE = YES_ERROR;
				GCC_WARN_UNDECLARED_SELECTOR = YES;
				GCC_WARN_UNINITIALIZED_AUTOS = YES_AGGRESSIVE;
				GCC_WARN_UNUSED_FUNCTION = YES;
				GCC_WARN_UNUSED_VARIABLE = YES;
				LOCALIZATION_PREFERS_STRING_CATALOGS = YES;
				MTL_ENABLE_DEBUG_INFO = NO;
				MTL_FAST_MATH = YES;
				SWIFT_COMPILATION_MODE = wholemodule;
			};
			name = Release;
		};
		D4A43A992AD9D74D003D3799 /* Debug */ = {
			isa = XCBuildConfiguration;
			buildSettings = {
				ASSETCATALOG_COMPILER_APPICON_NAME = AppIcon;
				ASSETCATALOG_COMPILER_GLOBAL_ACCENT_COLOR_NAME = AccentColor;
				CODE_SIGN_ENTITLEMENTS = HabitsTracker/HabitsTracker.entitlements;
				CODE_SIGN_STYLE = Automatic;
				CURRENT_PROJECT_VERSION = 1;
				DEVELOPMENT_ASSET_PATHS = "\"HabitsTracker/Preview Content\"";
				DEVELOPMENT_TEAM = VKJF2C93C9;
				ENABLE_HARDENED_RUNTIME = YES;
				ENABLE_PREVIEWS = YES;
				GENERATE_INFOPLIST_FILE = YES;
				INFOPLIST_FILE = HabitsTracker/Info.plist;
				"INFOPLIST_KEY_UIApplicationSceneManifest_Generation[sdk=iphoneos*]" = YES;
				"INFOPLIST_KEY_UIApplicationSceneManifest_Generation[sdk=iphonesimulator*]" = YES;
				"INFOPLIST_KEY_UIApplicationSupportsIndirectInputEvents[sdk=iphoneos*]" = YES;
				"INFOPLIST_KEY_UIApplicationSupportsIndirectInputEvents[sdk=iphonesimulator*]" = YES;
				"INFOPLIST_KEY_UILaunchScreen_Generation[sdk=iphoneos*]" = YES;
				"INFOPLIST_KEY_UILaunchScreen_Generation[sdk=iphonesimulator*]" = YES;
				"INFOPLIST_KEY_UIStatusBarStyle[sdk=iphoneos*]" = UIStatusBarStyleDefault;
				"INFOPLIST_KEY_UIStatusBarStyle[sdk=iphonesimulator*]" = UIStatusBarStyleDefault;
				INFOPLIST_KEY_UISupportedInterfaceOrientations_iPad = "UIInterfaceOrientationPortrait UIInterfaceOrientationPortraitUpsideDown UIInterfaceOrientationLandscapeLeft UIInterfaceOrientationLandscapeRight";
				INFOPLIST_KEY_UISupportedInterfaceOrientations_iPhone = "UIInterfaceOrientationPortrait UIInterfaceOrientationLandscapeLeft UIInterfaceOrientationLandscapeRight";
				IPHONEOS_DEPLOYMENT_TARGET = 17.0;
				LD_RUNPATH_SEARCH_PATHS = "@executable_path/Frameworks";
				"LD_RUNPATH_SEARCH_PATHS[sdk=macosx*]" = "@executable_path/../Frameworks";
				MACOSX_DEPLOYMENT_TARGET = 14.0;
				MARKETING_VERSION = 1.0;
				PRODUCT_BUNDLE_IDENTIFIER = me.oprea.robert.HabitsTracker;
				PRODUCT_NAME = "$(TARGET_NAME)";
				SDKROOT = auto;
				SUPPORTED_PLATFORMS = "iphoneos iphonesimulator macosx";
				SWIFT_EMIT_LOC_STRINGS = YES;
				SWIFT_VERSION = 5.0;
				TARGETED_DEVICE_FAMILY = "1,2";
			};
			name = Debug;
		};
		D4A43A9A2AD9D74D003D3799 /* Release */ = {
			isa = XCBuildConfiguration;
			buildSettings = {
				ASSETCATALOG_COMPILER_APPICON_NAME = AppIcon;
				ASSETCATALOG_COMPILER_GLOBAL_ACCENT_COLOR_NAME = AccentColor;
				CODE_SIGN_ENTITLEMENTS = HabitsTracker/HabitsTracker.entitlements;
				CODE_SIGN_STYLE = Automatic;
				CURRENT_PROJECT_VERSION = 1;
				DEVELOPMENT_ASSET_PATHS = "\"HabitsTracker/Preview Content\"";
				DEVELOPMENT_TEAM = VKJF2C93C9;
				ENABLE_HARDENED_RUNTIME = YES;
				ENABLE_PREVIEWS = YES;
				GENERATE_INFOPLIST_FILE = YES;
				INFOPLIST_FILE = HabitsTracker/Info.plist;
				"INFOPLIST_KEY_UIApplicationSceneManifest_Generation[sdk=iphoneos*]" = YES;
				"INFOPLIST_KEY_UIApplicationSceneManifest_Generation[sdk=iphonesimulator*]" = YES;
				"INFOPLIST_KEY_UIApplicationSupportsIndirectInputEvents[sdk=iphoneos*]" = YES;
				"INFOPLIST_KEY_UIApplicationSupportsIndirectInputEvents[sdk=iphonesimulator*]" = YES;
				"INFOPLIST_KEY_UILaunchScreen_Generation[sdk=iphoneos*]" = YES;
				"INFOPLIST_KEY_UILaunchScreen_Generation[sdk=iphonesimulator*]" = YES;
				"INFOPLIST_KEY_UIStatusBarStyle[sdk=iphoneos*]" = UIStatusBarStyleDefault;
				"INFOPLIST_KEY_UIStatusBarStyle[sdk=iphonesimulator*]" = UIStatusBarStyleDefault;
				INFOPLIST_KEY_UISupportedInterfaceOrientations_iPad = "UIInterfaceOrientationPortrait UIInterfaceOrientationPortraitUpsideDown UIInterfaceOrientationLandscapeLeft UIInterfaceOrientationLandscapeRight";
				INFOPLIST_KEY_UISupportedInterfaceOrientations_iPhone = "UIInterfaceOrientationPortrait UIInterfaceOrientationLandscapeLeft UIInterfaceOrientationLandscapeRight";
				IPHONEOS_DEPLOYMENT_TARGET = 17.0;
				LD_RUNPATH_SEARCH_PATHS = "@executable_path/Frameworks";
				"LD_RUNPATH_SEARCH_PATHS[sdk=macosx*]" = "@executable_path/../Frameworks";
				MACOSX_DEPLOYMENT_TARGET = 14.0;
				MARKETING_VERSION = 1.0;
				PRODUCT_BUNDLE_IDENTIFIER = me.oprea.robert.HabitsTracker;
				PRODUCT_NAME = "$(TARGET_NAME)";
				SDKROOT = auto;
				SUPPORTED_PLATFORMS = "iphoneos iphonesimulator macosx";
				SWIFT_EMIT_LOC_STRINGS = YES;
				SWIFT_VERSION = 5.0;
				TARGETED_DEVICE_FAMILY = "1,2";
			};
			name = Release;
		};
/* End XCBuildConfiguration section */

/* Begin XCConfigurationList section */
		D4A43A842AD9D74A003D3799 /* Build configuration list for PBXProject "HabitsTracker" */ = {
			isa = XCConfigurationList;
			buildConfigurations = (
				D4A43A962AD9D74D003D3799 /* Debug */,
				D4A43A972AD9D74D003D3799 /* Release */,
			);
			defaultConfigurationIsVisible = 0;
			defaultConfigurationName = Release;
		};
		D4A43A982AD9D74D003D3799 /* Build configuration list for PBXNativeTarget "HabitsTracker" */ = {
			isa = XCConfigurationList;
			buildConfigurations = (
				D4A43A992AD9D74D003D3799 /* Debug */,
				D4A43A9A2AD9D74D003D3799 /* Release */,
			);
			defaultConfigurationIsVisible = 0;
			defaultConfigurationName = Release;
		};
/* End XCConfigurationList section */

/* Begin XCVersionGroup section */
		D4A43A9B2AD9D878003D3799 /* main.xcdatamodeld */ = {
			isa = XCVersionGroup;
			children = (
				D4A43A9C2AD9D878003D3799 /* main.xcdatamodel */,
			);
			currentVersion = D4A43A9C2AD9D878003D3799 /* main.xcdatamodel */;
			path = main.xcdatamodeld;
			sourceTree = "<group>";
			versionGroupType = wrapper.xcdatamodel;
		};
/* End XCVersionGroup section */
	};
	rootObject = D4A43A812AD9D74A003D3799 /* Project object */;
}
